{
    "_readme": [
        "This file locks the dependencies of your project to a known state",
        "Read more about it at https://getcomposer.org/doc/01-basic-usage.md#composer-lock-the-lock-file",
        "This file is @generated automatically"
    ],
    "hash": "028284fc3f7cce03de70cb9b68a11385",
    "content-hash": "746395508f1bd11d0e2420d22da46ba5",
    "packages": [
        {
            "name": "joomla/di",
            "version": "1.3.1",
            "source": {
                "type": "git",
                "url": "https://github.com/joomla-framework/di.git",
                "reference": "4991f57e2af628a87e43493b9b92dc8e3048da63"
            },
            "dist": {
                "type": "zip",
                "url": "https://api.github.com/repos/joomla-framework/di/zipball/4991f57e2af628a87e43493b9b92dc8e3048da63",
                "reference": "4991f57e2af628a87e43493b9b92dc8e3048da63",
                "shasum": ""
            },
            "require": {
                "php": ">=5.3.10"
            },
            "require-dev": {
                "phpunit/phpunit": "4.*",
                "squizlabs/php_codesniffer": "1.*"
            },
            "type": "joomla-package",
            "extra": {
                "branch-alias": {
                    "dev-master": "1.x-dev"
                }
            },
            "autoload": {
                "psr-4": {
                    "Joomla\\DI\\": "src/",
                    "Joomla\\DI\\Tests\\": "Tests/"
                }
            },
            "notification-url": "https://packagist.org/downloads/",
            "license": [
                "GPL-2.0+"
            ],
            "description": "Joomla DI Package",
            "homepage": "https://github.com/joomla-framework/di",
            "keywords": [
                "container",
                "dependency injection",
                "di",
                "framework",
                "ioc",
                "joomla"
            ],
            "time": "2015-04-02 16:30:40"
        },
        {
            "name": "league/tactician",
            "version": "v0.6.1",
            "source": {
                "type": "git",
                "url": "https://github.com/thephpleague/tactician.git",
                "reference": "5313db226bf4e236faf8e5bb2a79203b78a9ae41"
            },
            "dist": {
                "type": "zip",
                "url": "https://api.github.com/repos/thephpleague/tactician/zipball/5313db226bf4e236faf8e5bb2a79203b78a9ae41",
                "reference": "5313db226bf4e236faf8e5bb2a79203b78a9ae41",
                "shasum": ""
            },
            "require": {
                "php": ">=5.5"
            },
            "require-dev": {
                "mockery/mockery": "~0.9",
                "phpunit/phpunit": "~4.3",
                "squizlabs/php_codesniffer": "~2.3"
            },
            "type": "library",
            "extra": {
                "branch-alias": {
                    "dev-master": "0.7-dev"
                }
            },
            "autoload": {
                "psr-4": {
                    "League\\Tactician\\": "src"
                }
            },
            "notification-url": "https://packagist.org/downloads/",
            "license": [
                "MIT"
            ],
            "authors": [
                {
                    "name": "Ross Tuck",
                    "homepage": "http://tactician.thephpleague.com"
                }
            ],
            "description": "A small, flexible command bus. Handy for building service layers.",
            "keywords": [
                "command",
                "command bus",
                "service layer"
            ],
            "time": "2015-08-02 09:13:42"
        }
    ],
    "packages-dev": [],
    "aliases": [],
    "minimum-stability": "stable",
    "stability-flags": [],
    "prefer-stable": false,
    "prefer-lowest": false,
    "platform": {
        "php": ">=5.3.10"
    },
    "platform-dev": []
}
